// !$*UTF8*$!
{
	archiveVersion = 1;
	classes = {
	};
	objectVersion = 50;
	objects = {

/* Begin PBXBuildFile section */
		D60DC8E120EE3183000499F6 /* AppDelegate.m in Sources */ = {isa = PBXBuildFile; fileRef = D60DC8E020EE3183000499F6 /* AppDelegate.m */; };
		D60DC8E420EE3183000499F6 /* ViewController.m in Sources */ = {isa = PBXBuildFile; fileRef = D60DC8E320EE3183000499F6 /* ViewController.m */; };
		D60DC8E720EE3183000499F6 /* Main.storyboard in Resources */ = {isa = PBXBuildFile; fileRef = D60DC8E520EE3183000499F6 /* Main.storyboard */; };
		D60DC8E920EE3184000499F6 /* Assets.xcassets in Resources */ = {isa = PBXBuildFile; fileRef = D60DC8E820EE3184000499F6 /* Assets.xcassets */; };
		D60DC8EC20EE3184000499F6 /* LaunchScreen.storyboard in Resources */ = {isa = PBXBuildFile; fileRef = D60DC8EA20EE3184000499F6 /* LaunchScreen.storyboard */; };
		D60DC8EF20EE3184000499F6 /* main.m in Sources */ = {isa = PBXBuildFile; fileRef = D60DC8EE20EE3184000499F6 /* main.m */; };
		D60DC93D20EE3295000499F6 /* AAHighchartsLib.js in Resources */ = {isa = PBXBuildFile; fileRef = D60DC8F820EE3294000499F6 /* AAHighchartsLib.js */; };
		D60DC93E20EE3295000499F6 /* AAHighchartsMore.js in Resources */ = {isa = PBXBuildFile; fileRef = D60DC8F920EE3294000499F6 /* AAHighchartsMore.js */; };
		D60DC93F20EE3295000499F6 /* AAFunnel.js in Resources */ = {isa = PBXBuildFile; fileRef = D60DC8FA20EE3294000499F6 /* AAFunnel.js */; };
		D60DC94020EE3295000499F6 /* AAHighcharts-3d.js in Resources */ = {isa = PBXBuildFile; fileRef = D60DC8FB20EE3294000499F6 /* AAHighcharts-3d.js */; };
		D60DC94120EE3295000499F6 /* AAChartView.html in Resources */ = {isa = PBXBuildFile; fileRef = D60DC8FC20EE3294000499F6 /* AAChartView.html */; };
		D60DC94220EE3295000499F6 /* AAAreaspline.m in Sources */ = {isa = PBXBuildFile; fileRef = D60DC8FF20EE3294000499F6 /* AAAreaspline.m */; };
		D60DC94320EE3295000499F6 /* AALabels.m in Sources */ = {isa = PBXBuildFile; fileRef = D60DC90120EE3294000499F6 /* AALabels.m */; };
		D60DC94420EE3295000499F6 /* AASeries.m in Sources */ = {isa = PBXBuildFile; fileRef = D60DC90420EE3294000499F6 /* AASeries.m */; };
		D60DC94520EE3295000499F6 /* AAXAxis.m in Sources */ = {isa = PBXBuildFile; fileRef = D60DC90520EE3294000499F6 /* AAXAxis.m */; };
		D60DC94620EE3295000499F6 /* AAPlotOptions.m in Sources */ = {isa = PBXBuildFile; fileRef = D60DC90720EE3294000499F6 /* AAPlotOptions.m */; };
		D60DC94720EE3295000499F6 /* AADataLabels.m in Sources */ = {isa = PBXBuildFile; fileRef = D60DC90820EE3294000499F6 /* AADataLabels.m */; };
		D60DC94820EE3295000499F6 /* AALine.m in Sources */ = {isa = PBXBuildFile; fileRef = D60DC90920EE3294000499F6 /* AALine.m */; };
		D60DC94920EE3295000499F6 /* AATooltip.m in Sources */ = {isa = PBXBuildFile; fileRef = D60DC90C20EE3294000499F6 /* AATooltip.m */; };
		D60DC94A20EE3295000499F6 /* AASubtitle.m in Sources */ = {isa = PBXBuildFile; fileRef = D60DC90E20EE3294000499F6 /* AASubtitle.m */; };
		D60DC94B20EE3295000499F6 /* AAYAxis.m in Sources */ = {isa = PBXBuildFile; fileRef = D60DC90F20EE3294000499F6 /* AAYAxis.m */; };
		D60DC94C20EE3295000499F6 /* AACrosshair.m in Sources */ = {isa = PBXBuildFile; fileRef = D60DC91020EE3294000499F6 /* AACrosshair.m */; };
		D60DC94D20EE3295000499F6 /* AAColumn.m in Sources */ = {isa = PBXBuildFile; fileRef = D60DC91520EE3294000499F6 /* AAColumn.m */; };
		D60DC94E20EE3295000499F6 /* AAPlotLinesElement.m in Sources */ = {isa = PBXBuildFile; fileRef = D60DC91620EE3294000499F6 /* AAPlotLinesElement.m */; };
		D60DC94F20EE3295000499F6 /* AAOptions3d.m in Sources */ = {isa = PBXBuildFile; fileRef = D60DC91820EE3294000499F6 /* AAOptions3d.m */; };
		D60DC95020EE3295000499F6 /* AAStyle.m in Sources */ = {isa = PBXBuildFile; fileRef = D60DC91A20EE3294000499F6 /* AAStyle.m */; };
		D60DC95120EE3295000499F6 /* AABar.m in Sources */ = {isa = PBXBuildFile; fileRef = D60DC91B20EE3294000499F6 /* AABar.m */; };
		D60DC95220EE3295000499F6 /* AATitle.m in Sources */ = {isa = PBXBuildFile; fileRef = D60DC91C20EE3294000499F6 /* AATitle.m */; };
		D60DC95320EE3295000499F6 /* AAArea.m in Sources */ = {isa = PBXBuildFile; fileRef = D60DC91F20EE3294000499F6 /* AAArea.m */; };
		D60DC95420EE3295000499F6 /* AAAnimation.m in Sources */ = {isa = PBXBuildFile; fileRef = D60DC92020EE3294000499F6 /* AAAnimation.m */; };
		D60DC95520EE3295000499F6 /* AALegend.m in Sources */ = {isa = PBXBuildFile; fileRef = D60DC92120EE3294000499F6 /* AALegend.m */; };
		D60DC95620EE3295000499F6 /* AAMarker.m in Sources */ = {isa = PBXBuildFile; fileRef = D60DC92320EE3294000499F6 /* AAMarker.m */; };
		D60DC95720EE3295000499F6 /* AASpline.m in Sources */ = {isa = PBXBuildFile; fileRef = D60DC92720EE3294000499F6 /* AASpline.m */; };
		D60DC95820EE3295000499F6 /* AAItemStyle.m in Sources */ = {isa = PBXBuildFile; fileRef = D60DC92820EE3294000499F6 /* AAItemStyle.m */; };
		D60DC95920EE3295000499F6 /* AAPie.m in Sources */ = {isa = PBXBuildFile; fileRef = D60DC92920EE3294000499F6 /* AAPie.m */; };
		D60DC95A20EE3295000499F6 /* AAChart.m in Sources */ = {isa = PBXBuildFile; fileRef = D60DC92F20EE3294000499F6 /* AAChart.m */; };
		D60DC95B20EE3295000499F6 /* AAChartView.m in Sources */ = {isa = PBXBuildFile; fileRef = D60DC93220EE3294000499F6 /* AAChartView.m */; };
		D60DC95C20EE3295000499F6 /* AAChartModel.m in Sources */ = {isa = PBXBuildFile; fileRef = D60DC93520EE3294000499F6 /* AAChartModel.m */; };
		D60DC95D20EE3295000499F6 /* AAOptions.m in Sources */ = {isa = PBXBuildFile; fileRef = D60DC93720EE3294000499F6 /* AAOptions.m */; };
		D60DC95E20EE3295000499F6 /* AASeriesElement.m in Sources */ = {isa = PBXBuildFile; fileRef = D60DC93820EE3294000499F6 /* AASeriesElement.m */; };
		D60DC95F20EE3295000499F6 /* fishhook.c in Sources */ = {isa = PBXBuildFile; fileRef = D60DC93B20EE3295000499F6 /* fishhook.c */; };
		D60DC98820EE329A000499F6 /* NTTrackEvent.m in Sources */ = {isa = PBXBuildFile; fileRef = D60DC96120EE329A000499F6 /* NTTrackEvent.m */; };
		D60DC98920EE329A000499F6 /* NTDataKeeper.m in Sources */ = {isa = PBXBuildFile; fileRef = D60DC96220EE329A000499F6 /* NTDataKeeper.m */; };
		D60DC98A20EE329A000499F6 /* NTWebViewTracker.m in Sources */ = {isa = PBXBuildFile; fileRef = D60DC96520EE329A000499F6 /* NTWebViewTracker.m */; };
		D60DC98B20EE329A000499F6 /* NTURLConnectionTracker.m in Sources */ = {isa = PBXBuildFile; fileRef = D60DC96920EE329A000499F6 /* NTURLConnectionTracker.m */; };
		D60DC98C20EE329A000499F6 /* NTURLSesssionTracker.m in Sources */ = {isa = PBXBuildFile; fileRef = D60DC96A20EE329A000499F6 /* NTURLSesssionTracker.m */; };
		D60DC98D20EE329A000499F6 /* DelegateProxy.m in Sources */ = {isa = PBXBuildFile; fileRef = D60DC96E20EE329A000499F6 /* DelegateProxy.m */; };
		D60DC98E20EE329A000499F6 /* TrackerUtils.m in Sources */ = {isa = PBXBuildFile; fileRef = D60DC96F20EE329A000499F6 /* TrackerUtils.m */; };
		D60DC98F20EE329A000499F6 /* SocketTracker.m in Sources */ = {isa = PBXBuildFile; fileRef = D60DC97120EE329A000499F6 /* SocketTracker.m */; };
		D60DC99020EE329A000499F6 /* DNSTracker.m in Sources */ = {isa = PBXBuildFile; fileRef = D60DC97720EE329A000499F6 /* DNSTracker.m */; };
		D60DC99120EE329A000499F6 /* CFStreamTracker.m in Sources */ = {isa = PBXBuildFile; fileRef = D60DC97820EE329A000499F6 /* CFStreamTracker.m */; };
		D60DC99220EE329A000499F6 /* CFSocketTracker.m in Sources */ = {isa = PBXBuildFile; fileRef = D60DC97A20EE329A000499F6 /* CFSocketTracker.m */; };
		D60DC99320EE329A000499F6 /* SSLTracker.m in Sources */ = {isa = PBXBuildFile; fileRef = D60DC97B20EE329A000499F6 /* SSLTracker.m */; };
		D60DC99420EE329A000499F6 /* BaseTracker.m in Sources */ = {isa = PBXBuildFile; fileRef = D60DC97C20EE329A000499F6 /* BaseTracker.m */; };
		D60DC99520EE329A000499F6 /* NTHTTPModel.m in Sources */ = {isa = PBXBuildFile; fileRef = D60DC98420EE329A000499F6 /* NTHTTPModel.m */; };
		D60DC99620EE329A000499F6 /* NTWebModel.m in Sources */ = {isa = PBXBuildFile; fileRef = D60DC98520EE329A000499F6 /* NTWebModel.m */; };
		D60DC99720EE329A000499F6 /* NTTCPModel.m in Sources */ = {isa = PBXBuildFile; fileRef = D60DC98620EE329A000499F6 /* NTTCPModel.m */; };
		D60DC99820EE329A000499F6 /* NTBaseModel.m in Sources */ = {isa = PBXBuildFile; fileRef = D60DC98720EE329A000499F6 /* NTBaseModel.m */; };
		D60DC99B20EE32D1000499F6 /* NTChartViewController.m in Sources */ = {isa = PBXBuildFile; fileRef = D60DC99A20EE32D1000499F6 /* NTChartViewController.m */; };
/* End PBXBuildFile section */

/* Begin PBXFileReference section */
		D60DC8DC20EE3183000499F6 /* NetworkTrackerSample.app */ = {isa = PBXFileReference; explicitFileType = wrapper.application; includeInIndex = 0; path = NetworkTrackerSample.app; sourceTree = BUILT_PRODUCTS_DIR; };
		D60DC8DF20EE3183000499F6 /* AppDelegate.h */ = {isa = PBXFileReference; lastKnownFileType = sourcecode.c.h; path = AppDelegate.h; sourceTree = "<group>"; };
		D60DC8E020EE3183000499F6 /* AppDelegate.m */ = {isa = PBXFileReference; lastKnownFileType = sourcecode.c.objc; path = AppDelegate.m; sourceTree = "<group>"; };
		D60DC8E220EE3183000499F6 /* ViewController.h */ = {isa = PBXFileReference; lastKnownFileType = sourcecode.c.h; path = ViewController.h; sourceTree = "<group>"; };
		D60DC8E320EE3183000499F6 /* ViewController.m */ = {isa = PBXFileReference; lastKnownFileType = sourcecode.c.objc; path = ViewController.m; sourceTree = "<group>"; };
		D60DC8E620EE3183000499F6 /* Base */ = {isa = PBXFileReference; lastKnownFileType = file.storyboard; name = Base; path = Base.lproj/Main.storyboard; sourceTree = "<group>"; };
		D60DC8E820EE3184000499F6 /* Assets.xcassets */ = {isa = PBXFileReference; lastKnownFileType = folder.assetcatalog; path = Assets.xcassets; sourceTree = "<group>"; };
		D60DC8EB20EE3184000499F6 /* Base */ = {isa = PBXFileReference; lastKnownFileType = file.storyboard; name = Base; path = Base.lproj/LaunchScreen.storyboard; sourceTree = "<group>"; };
		D60DC8ED20EE3184000499F6 /* Info.plist */ = {isa = PBXFileReference; lastKnownFileType = text.plist.xml; path = Info.plist; sourceTree = "<group>"; };
		D60DC8EE20EE3184000499F6 /* main.m */ = {isa = PBXFileReference; lastKnownFileType = sourcecode.c.objc; path = main.m; sourceTree = "<group>"; };
		D60DC8F520EE3207000499F6 /* PrefixHeader.pch */ = {isa = PBXFileReference; lastKnownFileType = sourcecode.c.h; path = PrefixHeader.pch; sourceTree = "<group>"; };
		D60DC8F820EE3294000499F6 /* AAHighchartsLib.js */ = {isa = PBXFileReference; fileEncoding = 4; lastKnownFileType = sourcecode.javascript; path = AAHighchartsLib.js; sourceTree = "<group>"; };
		D60DC8F920EE3294000499F6 /* AAHighchartsMore.js */ = {isa = PBXFileReference; fileEncoding = 4; lastKnownFileType = sourcecode.javascript; path = AAHighchartsMore.js; sourceTree = "<group>"; };
		D60DC8FA20EE3294000499F6 /* AAFunnel.js */ = {isa = PBXFileReference; fileEncoding = 4; lastKnownFileType = sourcecode.javascript; path = AAFunnel.js; sourceTree = "<group>"; };
		D60DC8FB20EE3294000499F6 /* AAHighcharts-3d.js */ = {isa = PBXFileReference; fileEncoding = 4; lastKnownFileType = sourcecode.javascript; path = "AAHighcharts-3d.js"; sourceTree = "<group>"; };
		D60DC8FC20EE3294000499F6 /* AAChartView.html */ = {isa = PBXFileReference; fileEncoding = 4; lastKnownFileType = text.html; path = AAChartView.html; sourceTree = "<group>"; };
		D60DC8FE20EE3294000499F6 /* AAArea.h */ = {isa = PBXFileReference; fileEncoding = 4; lastKnownFileType = sourcecode.c.h; path = AAArea.h; sourceTree = "<group>"; };
		D60DC8FF20EE3294000499F6 /* AAAreaspline.m */ = {isa = PBXFileReference; fileEncoding = 4; lastKnownFileType = sourcecode.c.objc; path = AAAreaspline.m; sourceTree = "<group>"; };
		D60DC90020EE3294000499F6 /* AATitle.h */ = {isa = PBXFileReference; fileEncoding = 4; lastKnownFileType = sourcecode.c.h; path = AATitle.h; sourceTree = "<group>"; };
		D60DC90120EE3294000499F6 /* AALabels.m */ = {isa = PBXFileReference; fileEncoding = 4; lastKnownFileType = sourcecode.c.objc; path = AALabels.m; sourceTree = "<group>"; };
		D60DC90220EE3294000499F6 /* AAStyle.h */ = {isa = PBXFileReference; fileEncoding = 4; lastKnownFileType = sourcecode.c.h; path = AAStyle.h; sourceTree = "<group>"; };
		D60DC90320EE3294000499F6 /* AABar.h */ = {isa = PBXFileReference; fileEncoding = 4; lastKnownFileType = sourcecode.c.h; path = AABar.h; sourceTree = "<group>"; };
		D60DC90420EE3294000499F6 /* AASeries.m */ = {isa = PBXFileReference; fileEncoding = 4; lastKnownFileType = sourcecode.c.objc; path = AASeries.m; sourceTree = "<group>"; };
		D60DC90520EE3294000499F6 /* AAXAxis.m */ = {isa = PBXFileReference; fileEncoding = 4; lastKnownFileType = sourcecode.c.objc; path = AAXAxis.m; sourceTree = "<group>"; };
		D60DC90620EE3294000499F6 /* AAOptions3d.h */ = {isa = PBXFileReference; fileEncoding = 4; lastKnownFileType = sourcecode.c.h; path = AAOptions3d.h; sourceTree = "<group>"; };
		D60DC90720EE3294000499F6 /* AAPlotOptions.m */ = {isa = PBXFileReference; fileEncoding = 4; lastKnownFileType = sourcecode.c.objc; path = AAPlotOptions.m; sourceTree = "<group>"; };
		D60DC90820EE3294000499F6 /* AADataLabels.m */ = {isa = PBXFileReference; fileEncoding = 4; lastKnownFileType = sourcecode.c.objc; path = AADataLabels.m; sourceTree = "<group>"; };
		D60DC90920EE3294000499F6 /* AALine.m */ = {isa = PBXFileReference; fileEncoding = 4; lastKnownFileType = sourcecode.c.objc; path = AALine.m; sourceTree = "<group>"; };
		D60DC90A20EE3294000499F6 /* AAMarker.h */ = {isa = PBXFileReference; fileEncoding = 4; lastKnownFileType = sourcecode.c.h; path = AAMarker.h; sourceTree = "<group>"; };
		D60DC90B20EE3294000499F6 /* AALegend.h */ = {isa = PBXFileReference; fileEncoding = 4; lastKnownFileType = sourcecode.c.h; path = AALegend.h; sourceTree = "<group>"; };
		D60DC90C20EE3294000499F6 /* AATooltip.m */ = {isa = PBXFileReference; fileEncoding = 4; lastKnownFileType = sourcecode.c.objc; path = AATooltip.m; sourceTree = "<group>"; };
		D60DC90D20EE3294000499F6 /* AAAnimation.h */ = {isa = PBXFileReference; fileEncoding = 4; lastKnownFileType = sourcecode.c.h; path = AAAnimation.h; sourceTree = "<group>"; };
		D60DC90E20EE3294000499F6 /* AASubtitle.m */ = {isa = PBXFileReference; fileEncoding = 4; lastKnownFileType = sourcecode.c.objc; path = AASubtitle.m; sourceTree = "<group>"; };
		D60DC90F20EE3294000499F6 /* AAYAxis.m */ = {isa = PBXFileReference; fileEncoding = 4; lastKnownFileType = sourcecode.c.objc; path = AAYAxis.m; sourceTree = "<group>"; };
		D60DC91020EE3294000499F6 /* AACrosshair.m */ = {isa = PBXFileReference; fileEncoding = 4; lastKnownFileType = sourcecode.c.objc; path = AACrosshair.m; sourceTree = "<group>"; };
		D60DC91120EE3294000499F6 /* AAPie.h */ = {isa = PBXFileReference; fileEncoding = 4; lastKnownFileType = sourcecode.c.h; path = AAPie.h; sourceTree = "<group>"; };
		D60DC91220EE3294000499F6 /* AAItemStyle.h */ = {isa = PBXFileReference; fileEncoding = 4; lastKnownFileType = sourcecode.c.h; path = AAItemStyle.h; sourceTree = "<group>"; };
		D60DC91320EE3294000499F6 /* AASpline.h */ = {isa = PBXFileReference; fileEncoding = 4; lastKnownFileType = sourcecode.c.h; path = AASpline.h; sourceTree = "<group>"; };
		D60DC91420EE3294000499F6 /* AAChart.h */ = {isa = PBXFileReference; fileEncoding = 4; lastKnownFileType = sourcecode.c.h; path = AAChart.h; sourceTree = "<group>"; };
		D60DC91520EE3294000499F6 /* AAColumn.m */ = {isa = PBXFileReference; fileEncoding = 4; lastKnownFileType = sourcecode.c.objc; path = AAColumn.m; sourceTree = "<group>"; };
		D60DC91620EE3294000499F6 /* AAPlotLinesElement.m */ = {isa = PBXFileReference; fileEncoding = 4; lastKnownFileType = sourcecode.c.objc; path = AAPlotLinesElement.m; sourceTree = "<group>"; };
		D60DC91720EE3294000499F6 /* AAXAxis.h */ = {isa = PBXFileReference; fileEncoding = 4; lastKnownFileType = sourcecode.c.h; path = AAXAxis.h; sourceTree = "<group>"; };
		D60DC91820EE3294000499F6 /* AAOptions3d.m */ = {isa = PBXFileReference; fileEncoding = 4; lastKnownFileType = sourcecode.c.objc; path = AAOptions3d.m; sourceTree = "<group>"; };
		D60DC91920EE3294000499F6 /* AASeries.h */ = {isa = PBXFileReference; fileEncoding = 4; lastKnownFileType = sourcecode.c.h; path = AASeries.h; sourceTree = "<group>"; };
		D60DC91A20EE3294000499F6 /* AAStyle.m */ = {isa = PBXFileReference; fileEncoding = 4; lastKnownFileType = sourcecode.c.objc; path = AAStyle.m; sourceTree = "<group>"; };
		D60DC91B20EE3294000499F6 /* AABar.m */ = {isa = PBXFileReference; fileEncoding = 4; lastKnownFileType = sourcecode.c.objc; path = AABar.m; sourceTree = "<group>"; };
		D60DC91C20EE3294000499F6 /* AATitle.m */ = {isa = PBXFileReference; fileEncoding = 4; lastKnownFileType = sourcecode.c.objc; path = AATitle.m; sourceTree = "<group>"; };
		D60DC91D20EE3294000499F6 /* AALabels.h */ = {isa = PBXFileReference; fileEncoding = 4; lastKnownFileType = sourcecode.c.h; path = AALabels.h; sourceTree = "<group>"; };
		D60DC91E20EE3294000499F6 /* AAAreaspline.h */ = {isa = PBXFileReference; fileEncoding = 4; lastKnownFileType = sourcecode.c.h; path = AAAreaspline.h; sourceTree = "<group>"; };
		D60DC91F20EE3294000499F6 /* AAArea.m */ = {isa = PBXFileReference; fileEncoding = 4; lastKnownFileType = sourcecode.c.objc; path = AAArea.m; sourceTree = "<group>"; };
		D60DC92020EE3294000499F6 /* AAAnimation.m */ = {isa = PBXFileReference; fileEncoding = 4; lastKnownFileType = sourcecode.c.objc; path = AAAnimation.m; sourceTree = "<group>"; };
		D60DC92120EE3294000499F6 /* AALegend.m */ = {isa = PBXFileReference; fileEncoding = 4; lastKnownFileType = sourcecode.c.objc; path = AALegend.m; sourceTree = "<group>"; };
		D60DC92220EE3294000499F6 /* AATooltip.h */ = {isa = PBXFileReference; fileEncoding = 4; lastKnownFileType = sourcecode.c.h; path = AATooltip.h; sourceTree = "<group>"; };
		D60DC92320EE3294000499F6 /* AAMarker.m */ = {isa = PBXFileReference; fileEncoding = 4; lastKnownFileType = sourcecode.c.objc; path = AAMarker.m; sourceTree = "<group>"; };
		D60DC92420EE3294000499F6 /* AALine.h */ = {isa = PBXFileReference; fileEncoding = 4; lastKnownFileType = sourcecode.c.h; path = AALine.h; sourceTree = "<group>"; };
		D60DC92520EE3294000499F6 /* AADataLabels.h */ = {isa = PBXFileReference; fileEncoding = 4; lastKnownFileType = sourcecode.c.h; path = AADataLabels.h; sourceTree = "<group>"; };
		D60DC92620EE3294000499F6 /* AAPlotOptions.h */ = {isa = PBXFileReference; fileEncoding = 4; lastKnownFileType = sourcecode.c.h; path = AAPlotOptions.h; sourceTree = "<group>"; };
		D60DC92720EE3294000499F6 /* AASpline.m */ = {isa = PBXFileReference; fileEncoding = 4; lastKnownFileType = sourcecode.c.objc; path = AASpline.m; sourceTree = "<group>"; };
		D60DC92820EE3294000499F6 /* AAItemStyle.m */ = {isa = PBXFileReference; fileEncoding = 4; lastKnownFileType = sourcecode.c.objc; path = AAItemStyle.m; sourceTree = "<group>"; };
		D60DC92920EE3294000499F6 /* AAPie.m */ = {isa = PBXFileReference; fileEncoding = 4; lastKnownFileType = sourcecode.c.objc; path = AAPie.m; sourceTree = "<group>"; };
		D60DC92A20EE3294000499F6 /* AACrosshair.h */ = {isa = PBXFileReference; fileEncoding = 4; lastKnownFileType = sourcecode.c.h; path = AACrosshair.h; sourceTree = "<group>"; };
		D60DC92B20EE3294000499F6 /* AAYAxis.h */ = {isa = PBXFileReference; fileEncoding = 4; lastKnownFileType = sourcecode.c.h; path = AAYAxis.h; sourceTree = "<group>"; };
		D60DC92C20EE3294000499F6 /* AASubtitle.h */ = {isa = PBXFileReference; fileEncoding = 4; lastKnownFileType = sourcecode.c.h; path = AASubtitle.h; sourceTree = "<group>"; };
		D60DC92D20EE3294000499F6 /* AAPlotLinesElement.h */ = {isa = PBXFileReference; fileEncoding = 4; lastKnownFileType = sourcecode.c.h; path = AAPlotLinesElement.h; sourceTree = "<group>"; };
		D60DC92E20EE3294000499F6 /* AAColumn.h */ = {isa = PBXFileReference; fileEncoding = 4; lastKnownFileType = sourcecode.c.h; path = AAColumn.h; sourceTree = "<group>"; };
		D60DC92F20EE3294000499F6 /* AAChart.m */ = {isa = PBXFileReference; fileEncoding = 4; lastKnownFileType = sourcecode.c.objc; path = AAChart.m; sourceTree = "<group>"; };
		D60DC93120EE3294000499F6 /* AAOptions.h */ = {isa = PBXFileReference; fileEncoding = 4; lastKnownFileType = sourcecode.c.h; path = AAOptions.h; sourceTree = "<group>"; };
		D60DC93220EE3294000499F6 /* AAChartView.m */ = {isa = PBXFileReference; fileEncoding = 4; lastKnownFileType = sourcecode.c.objc; path = AAChartView.m; sourceTree = "<group>"; };
		D60DC93320EE3294000499F6 /* AAGlobalMacro.h */ = {isa = PBXFileReference; fileEncoding = 4; lastKnownFileType = sourcecode.c.h; path = AAGlobalMacro.h; sourceTree = "<group>"; };
		D60DC93420EE3294000499F6 /* AASeriesElement.h */ = {isa = PBXFileReference; fileEncoding = 4; lastKnownFileType = sourcecode.c.h; path = AASeriesElement.h; sourceTree = "<group>"; };
		D60DC93520EE3294000499F6 /* AAChartModel.m */ = {isa = PBXFileReference; fileEncoding = 4; lastKnownFileType = sourcecode.c.objc; path = AAChartModel.m; sourceTree = "<group>"; };
		D60DC93620EE3294000499F6 /* AAChartKit.h */ = {isa = PBXFileReference; fileEncoding = 4; lastKnownFileType = sourcecode.c.h; path = AAChartKit.h; sourceTree = "<group>"; };
		D60DC93720EE3294000499F6 /* AAOptions.m */ = {isa = PBXFileReference; fileEncoding = 4; lastKnownFileType = sourcecode.c.objc; path = AAOptions.m; sourceTree = "<group>"; };
		D60DC93820EE3294000499F6 /* AASeriesElement.m */ = {isa = PBXFileReference; fileEncoding = 4; lastKnownFileType = sourcecode.c.objc; path = AASeriesElement.m; sourceTree = "<group>"; };
		D60DC93920EE3294000499F6 /* AAChartView.h */ = {isa = PBXFileReference; fileEncoding = 4; lastKnownFileType = sourcecode.c.h; path = AAChartView.h; sourceTree = "<group>"; };
		D60DC93A20EE3294000499F6 /* AAChartModel.h */ = {isa = PBXFileReference; fileEncoding = 4; lastKnownFileType = sourcecode.c.h; path = AAChartModel.h; sourceTree = "<group>"; };
		D60DC93B20EE3295000499F6 /* fishhook.c */ = {isa = PBXFileReference; fileEncoding = 4; lastKnownFileType = sourcecode.c.c; name = fishhook.c; path = ../../fishhook.c; sourceTree = "<group>"; };
		D60DC93C20EE3295000499F6 /* fishhook.h */ = {isa = PBXFileReference; fileEncoding = 4; lastKnownFileType = sourcecode.c.h; name = fishhook.h; path = ../../fishhook.h; sourceTree = "<group>"; };
		D60DC96120EE329A000499F6 /* NTTrackEvent.m */ = {isa = PBXFileReference; fileEncoding = 4; lastKnownFileType = sourcecode.c.objc; path = NTTrackEvent.m; sourceTree = "<group>"; };
		D60DC96220EE329A000499F6 /* NTDataKeeper.m */ = {isa = PBXFileReference; fileEncoding = 4; lastKnownFileType = sourcecode.c.objc; path = NTDataKeeper.m; sourceTree = "<group>"; };
		D60DC96420EE329A000499F6 /* NTWebViewTracker.h */ = {isa = PBXFileReference; fileEncoding = 4; lastKnownFileType = sourcecode.c.h; path = NTWebViewTracker.h; sourceTree = "<group>"; };
		D60DC96520EE329A000499F6 /* NTWebViewTracker.m */ = {isa = PBXFileReference; fileEncoding = 4; lastKnownFileType = sourcecode.c.objc; path = NTWebViewTracker.m; sourceTree = "<group>"; };
		D60DC96720EE329A000499F6 /* NTURLConnectionTracker.h */ = {isa = PBXFileReference; fileEncoding = 4; lastKnownFileType = sourcecode.c.h; path = NTURLConnectionTracker.h; sourceTree = "<group>"; };
		D60DC96820EE329A000499F6 /* NTURLSesssionTracker.h */ = {isa = PBXFileReference; fileEncoding = 4; lastKnownFileType = sourcecode.c.h; path = NTURLSesssionTracker.h; sourceTree = "<group>"; };
		D60DC96920EE329A000499F6 /* NTURLConnectionTracker.m */ = {isa = PBXFileReference; fileEncoding = 4; lastKnownFileType = sourcecode.c.objc; path = NTURLConnectionTracker.m; sourceTree = "<group>"; };
		D60DC96A20EE329A000499F6 /* NTURLSesssionTracker.m */ = {isa = PBXFileReference; fileEncoding = 4; lastKnownFileType = sourcecode.c.objc; path = NTURLSesssionTracker.m; sourceTree = "<group>"; };
		D60DC96C20EE329A000499F6 /* DelegateProxy.h */ = {isa = PBXFileReference; fileEncoding = 4; lastKnownFileType = sourcecode.c.h; path = DelegateProxy.h; sourceTree = "<group>"; };
		D60DC96D20EE329A000499F6 /* TrackerUtils.h */ = {isa = PBXFileReference; fileEncoding = 4; lastKnownFileType = sourcecode.c.h; path = TrackerUtils.h; sourceTree = "<group>"; };
		D60DC96E20EE329A000499F6 /* DelegateProxy.m */ = {isa = PBXFileReference; fileEncoding = 4; lastKnownFileType = sourcecode.c.objc; path = DelegateProxy.m; sourceTree = "<group>"; };
		D60DC96F20EE329A000499F6 /* TrackerUtils.m */ = {isa = PBXFileReference; fileEncoding = 4; lastKnownFileType = sourcecode.c.objc; path = TrackerUtils.m; sourceTree = "<group>"; };
		D60DC97120EE329A000499F6 /* SocketTracker.m */ = {isa = PBXFileReference; fileEncoding = 4; lastKnownFileType = sourcecode.c.objc; path = SocketTracker.m; sourceTree = "<group>"; };
		D60DC97220EE329A000499F6 /* CFStreamTracker.h */ = {isa = PBXFileReference; fileEncoding = 4; lastKnownFileType = sourcecode.c.h; path = CFStreamTracker.h; sourceTree = "<group>"; };
		D60DC97320EE329A000499F6 /* DNSTracker.h */ = {isa = PBXFileReference; fileEncoding = 4; lastKnownFileType = sourcecode.c.h; path = DNSTracker.h; sourceTree = "<group>"; };
		D60DC97420EE329A000499F6 /* CFSocketTracker.h */ = {isa = PBXFileReference; fileEncoding = 4; lastKnownFileType = sourcecode.c.h; path = CFSocketTracker.h; sourceTree = "<group>"; };
		D60DC97520EE329A000499F6 /* SSLTracker.h */ = {isa = PBXFileReference; fileEncoding = 4; lastKnownFileType = sourcecode.c.h; path = SSLTracker.h; sourceTree = "<group>"; };
		D60DC97620EE329A000499F6 /* BaseTracker.h */ = {isa = PBXFileReference; fileEncoding = 4; lastKnownFileType = sourcecode.c.h; path = BaseTracker.h; sourceTree = "<group>"; };
		D60DC97720EE329A000499F6 /* DNSTracker.m */ = {isa = PBXFileReference; fileEncoding = 4; lastKnownFileType = sourcecode.c.objc; path = DNSTracker.m; sourceTree = "<group>"; };
		D60DC97820EE329A000499F6 /* CFStreamTracker.m */ = {isa = PBXFileReference; fileEncoding = 4; lastKnownFileType = sourcecode.c.objc; path = CFStreamTracker.m; sourceTree = "<group>"; };
		D60DC97920EE329A000499F6 /* SocketTracker.h */ = {isa = PBXFileReference; fileEncoding = 4; lastKnownFileType = sourcecode.c.h; path = SocketTracker.h; sourceTree = "<group>"; };
		D60DC97A20EE329A000499F6 /* CFSocketTracker.m */ = {isa = PBXFileReference; fileEncoding = 4; lastKnownFileType = sourcecode.c.objc; path = CFSocketTracker.m; sourceTree = "<group>"; };
		D60DC97B20EE329A000499F6 /* SSLTracker.m */ = {isa = PBXFileReference; fileEncoding = 4; lastKnownFileType = sourcecode.c.objc; path = SSLTracker.m; sourceTree = "<group>"; };
		D60DC97C20EE329A000499F6 /* BaseTracker.m */ = {isa = PBXFileReference; fileEncoding = 4; lastKnownFileType = sourcecode.c.objc; path = BaseTracker.m; sourceTree = "<group>"; };
		D60DC97D20EE329A000499F6 /* NTTrackEvent.h */ = {isa = PBXFileReference; fileEncoding = 4; lastKnownFileType = sourcecode.c.h; path = NTTrackEvent.h; sourceTree = "<group>"; };
		D60DC97E20EE329A000499F6 /* NTDataKeeper.h */ = {isa = PBXFileReference; fileEncoding = 4; lastKnownFileType = sourcecode.c.h; path = NTDataKeeper.h; sourceTree = "<group>"; };
		D60DC98020EE329A000499F6 /* NTWebModel.h */ = {isa = PBXFileReference; fileEncoding = 4; lastKnownFileType = sourcecode.c.h; path = NTWebModel.h; sourceTree = "<group>"; };
		D60DC98120EE329A000499F6 /* NTHTTPModel.h */ = {isa = PBXFileReference; fileEncoding = 4; lastKnownFileType = sourcecode.c.h; path = NTHTTPModel.h; sourceTree = "<group>"; };
		D60DC98220EE329A000499F6 /* NTBaseModel.h */ = {isa = PBXFileReference; fileEncoding = 4; lastKnownFileType = sourcecode.c.h; path = NTBaseModel.h; sourceTree = "<group>"; };
		D60DC98320EE329A000499F6 /* NTTCPModel.h */ = {isa = PBXFileReference; fileEncoding = 4; lastKnownFileType = sourcecode.c.h; path = NTTCPModel.h; sourceTree = "<group>"; };
		D60DC98420EE329A000499F6 /* NTHTTPModel.m */ = {isa = PBXFileReference; fileEncoding = 4; lastKnownFileType = sourcecode.c.objc; path = NTHTTPModel.m; sourceTree = "<group>"; };
		D60DC98520EE329A000499F6 /* NTWebModel.m */ = {isa = PBXFileReference; fileEncoding = 4; lastKnownFileType = sourcecode.c.objc; path = NTWebModel.m; sourceTree = "<group>"; };
		D60DC98620EE329A000499F6 /* NTTCPModel.m */ = {isa = PBXFileReference; fileEncoding = 4; lastKnownFileType = sourcecode.c.objc; path = NTTCPModel.m; sourceTree = "<group>"; };
		D60DC98720EE329A000499F6 /* NTBaseModel.m */ = {isa = PBXFileReference; fileEncoding = 4; lastKnownFileType = sourcecode.c.objc; path = NTBaseModel.m; sourceTree = "<group>"; };
		D60DC99920EE32D0000499F6 /* NTChartViewController.h */ = {isa = PBXFileReference; fileEncoding = 4; lastKnownFileType = sourcecode.c.h; path = NTChartViewController.h; sourceTree = "<group>"; };
		D60DC99A20EE32D1000499F6 /* NTChartViewController.m */ = {isa = PBXFileReference; fileEncoding = 4; lastKnownFileType = sourcecode.c.objc; path = NTChartViewController.m; sourceTree = "<group>"; };
/* End PBXFileReference section */

/* Begin PBXFrameworksBuildPhase section */
		D60DC8D920EE3183000499F6 /* Frameworks */ = {
			isa = PBXFrameworksBuildPhase;
			buildActionMask = 2147483647;
			files = (
			);
			runOnlyForDeploymentPostprocessing = 0;
		};
/* End PBXFrameworksBuildPhase section */

/* Begin PBXGroup section */
		D60DC8D320EE3183000499F6 = {
			isa = PBXGroup;
			children = (
				D60DC8DE20EE3183000499F6 /* NetworkTrackerSample */,
				D60DC8DD20EE3183000499F6 /* Products */,
			);
			sourceTree = "<group>";
		};
		D60DC8DD20EE3183000499F6 /* Products */ = {
			isa = PBXGroup;
			children = (
				D60DC8DC20EE3183000499F6 /* NetworkTrackerSample.app */,
			);
			name = Products;
			sourceTree = "<group>";
		};
		D60DC8DE20EE3183000499F6 /* NetworkTrackerSample */ = {
			isa = PBXGroup;
			children = (
				D60DC96020EE329A000499F6 /* Tracker */,
				D60DC8F620EE3294000499F6 /* AAChartKitLib */,
				D60DC93B20EE3295000499F6 /* fishhook.c */,
				D60DC93C20EE3295000499F6 /* fishhook.h */,
				D60DC8F520EE3207000499F6 /* PrefixHeader.pch */,
				D60DC8DF20EE3183000499F6 /* AppDelegate.h */,
				D60DC8E020EE3183000499F6 /* AppDelegate.m */,
				D60DC8E220EE3183000499F6 /* ViewController.h */,
				D60DC8E320EE3183000499F6 /* ViewController.m */,
				D60DC99920EE32D0000499F6 /* NTChartViewController.h */,
				D60DC99A20EE32D1000499F6 /* NTChartViewController.m */,
				D60DC8E520EE3183000499F6 /* Main.storyboard */,
				D60DC8E820EE3184000499F6 /* Assets.xcassets */,
				D60DC8EA20EE3184000499F6 /* LaunchScreen.storyboard */,
				D60DC8ED20EE3184000499F6 /* Info.plist */,
				D60DC8EE20EE3184000499F6 /* main.m */,
			);
			path = NetworkTrackerSample;
			sourceTree = "<group>";
		};
		D60DC8F620EE3294000499F6 /* AAChartKitLib */ = {
			isa = PBXGroup;
			children = (
				D60DC8F720EE3294000499F6 /* AAJSFiles */,
				D60DC8FD20EE3294000499F6 /* AAOptionsModel */,
				D60DC93020EE3294000499F6 /* AAChartConfiger */,
			);
			name = AAChartKitLib;
			path = ../../AAChartKitLib;
			sourceTree = "<group>";
		};
		D60DC8F720EE3294000499F6 /* AAJSFiles */ = {
			isa = PBXGroup;
			children = (
				D60DC8F820EE3294000499F6 /* AAHighchartsLib.js */,
				D60DC8F920EE3294000499F6 /* AAHighchartsMore.js */,
				D60DC8FA20EE3294000499F6 /* AAFunnel.js */,
				D60DC8FB20EE3294000499F6 /* AAHighcharts-3d.js */,
				D60DC8FC20EE3294000499F6 /* AAChartView.html */,
			);
			path = AAJSFiles;
			sourceTree = "<group>";
		};
		D60DC8FD20EE3294000499F6 /* AAOptionsModel */ = {
			isa = PBXGroup;
			children = (
				D60DC8FE20EE3294000499F6 /* AAArea.h */,
				D60DC8FF20EE3294000499F6 /* AAAreaspline.m */,
				D60DC90020EE3294000499F6 /* AATitle.h */,
				D60DC90120EE3294000499F6 /* AALabels.m */,
				D60DC90220EE3294000499F6 /* AAStyle.h */,
				D60DC90320EE3294000499F6 /* AABar.h */,
				D60DC90420EE3294000499F6 /* AASeries.m */,
				D60DC90520EE3294000499F6 /* AAXAxis.m */,
				D60DC90620EE3294000499F6 /* AAOptions3d.h */,
				D60DC90720EE3294000499F6 /* AAPlotOptions.m */,
				D60DC90820EE3294000499F6 /* AADataLabels.m */,
				D60DC90920EE3294000499F6 /* AALine.m */,
				D60DC90A20EE3294000499F6 /* AAMarker.h */,
				D60DC90B20EE3294000499F6 /* AALegend.h */,
				D60DC90C20EE3294000499F6 /* AATooltip.m */,
				D60DC90D20EE3294000499F6 /* AAAnimation.h */,
				D60DC90E20EE3294000499F6 /* AASubtitle.m */,
				D60DC90F20EE3294000499F6 /* AAYAxis.m */,
				D60DC91020EE3294000499F6 /* AACrosshair.m */,
				D60DC91120EE3294000499F6 /* AAPie.h */,
				D60DC91220EE3294000499F6 /* AAItemStyle.h */,
				D60DC91320EE3294000499F6 /* AASpline.h */,
				D60DC91420EE3294000499F6 /* AAChart.h */,
				D60DC91520EE3294000499F6 /* AAColumn.m */,
				D60DC91620EE3294000499F6 /* AAPlotLinesElement.m */,
				D60DC91720EE3294000499F6 /* AAXAxis.h */,
				D60DC91820EE3294000499F6 /* AAOptions3d.m */,
				D60DC91920EE3294000499F6 /* AASeries.h */,
				D60DC91A20EE3294000499F6 /* AAStyle.m */,
				D60DC91B20EE3294000499F6 /* AABar.m */,
				D60DC91C20EE3294000499F6 /* AATitle.m */,
				D60DC91D20EE3294000499F6 /* AALabels.h */,
				D60DC91E20EE3294000499F6 /* AAAreaspline.h */,
				D60DC91F20EE3294000499F6 /* AAArea.m */,
				D60DC92020EE3294000499F6 /* AAAnimation.m */,
				D60DC92120EE3294000499F6 /* AALegend.m */,
				D60DC92220EE3294000499F6 /* AATooltip.h */,
				D60DC92320EE3294000499F6 /* AAMarker.m */,
				D60DC92420EE3294000499F6 /* AALine.h */,
				D60DC92520EE3294000499F6 /* AADataLabels.h */,
				D60DC92620EE3294000499F6 /* AAPlotOptions.h */,
				D60DC92720EE3294000499F6 /* AASpline.m */,
				D60DC92820EE3294000499F6 /* AAItemStyle.m */,
				D60DC92920EE3294000499F6 /* AAPie.m */,
				D60DC92A20EE3294000499F6 /* AACrosshair.h */,
				D60DC92B20EE3294000499F6 /* AAYAxis.h */,
				D60DC92C20EE3294000499F6 /* AASubtitle.h */,
				D60DC92D20EE3294000499F6 /* AAPlotLinesElement.h */,
				D60DC92E20EE3294000499F6 /* AAColumn.h */,
				D60DC92F20EE3294000499F6 /* AAChart.m */,
			);
			path = AAOptionsModel;
			sourceTree = "<group>";
		};
		D60DC93020EE3294000499F6 /* AAChartConfiger */ = {
			isa = PBXGroup;
			children = (
				D60DC93120EE3294000499F6 /* AAOptions.h */,
				D60DC93220EE3294000499F6 /* AAChartView.m */,
				D60DC93320EE3294000499F6 /* AAGlobalMacro.h */,
				D60DC93420EE3294000499F6 /* AASeriesElement.h */,
				D60DC93520EE3294000499F6 /* AAChartModel.m */,
				D60DC93620EE3294000499F6 /* AAChartKit.h */,
				D60DC93720EE3294000499F6 /* AAOptions.m */,
				D60DC93820EE3294000499F6 /* AASeriesElement.m */,
				D60DC93920EE3294000499F6 /* AAChartView.h */,
				D60DC93A20EE3294000499F6 /* AAChartModel.h */,
			);
			path = AAChartConfiger;
			sourceTree = "<group>";
		};
		D60DC96020EE329A000499F6 /* Tracker */ = {
			isa = PBXGroup;
			children = (
				D60DC96120EE329A000499F6 /* NTTrackEvent.m */,
				D60DC96220EE329A000499F6 /* NTDataKeeper.m */,
				D60DC96320EE329A000499F6 /* WebTracker */,
				D60DC96620EE329A000499F6 /* HTTPTracker */,
				D60DC96B20EE329A000499F6 /* Utils */,
				D60DC97020EE329A000499F6 /* TCPTracker */,
				D60DC97D20EE329A000499F6 /* NTTrackEvent.h */,
				D60DC97E20EE329A000499F6 /* NTDataKeeper.h */,
				D60DC97F20EE329A000499F6 /* Model */,
			);
			name = Tracker;
			path = ../../Tracker;
			sourceTree = "<group>";
		};
		D60DC96320EE329A000499F6 /* WebTracker */ = {
			isa = PBXGroup;
			children = (
				D60DC96420EE329A000499F6 /* NTWebViewTracker.h */,
				D60DC96520EE329A000499F6 /* NTWebViewTracker.m */,
			);
			path = WebTracker;
			sourceTree = "<group>";
		};
		D60DC96620EE329A000499F6 /* HTTPTracker */ = {
			isa = PBXGroup;
			children = (
				D60DC96720EE329A000499F6 /* NTURLConnectionTracker.h */,
				D60DC96920EE329A000499F6 /* NTURLConnectionTracker.m */,
				D60DC96820EE329A000499F6 /* NTURLSesssionTracker.h */,
				D60DC96A20EE329A000499F6 /* NTURLSesssionTracker.m */,
			);
			path = HTTPTracker;
			sourceTree = "<group>";
		};
		D60DC96B20EE329A000499F6 /* Utils */ = {
			isa = PBXGroup;
			children = (
				D60DC96C20EE329A000499F6 /* DelegateProxy.h */,
				D60DC96D20EE329A000499F6 /* TrackerUtils.h */,
				D60DC96E20EE329A000499F6 /* DelegateProxy.m */,
				D60DC96F20EE329A000499F6 /* TrackerUtils.m */,
			);
			path = Utils;
			sourceTree = "<group>";
		};
		D60DC97020EE329A000499F6 /* TCPTracker */ = {
			isa = PBXGroup;
			children = (
				D60DC97120EE329A000499F6 /* SocketTracker.m */,
				D60DC97220EE329A000499F6 /* CFStreamTracker.h */,
				D60DC97320EE329A000499F6 /* DNSTracker.h */,
				D60DC97420EE329A000499F6 /* CFSocketTracker.h */,
				D60DC97520EE329A000499F6 /* SSLTracker.h */,
				D60DC97620EE329A000499F6 /* BaseTracker.h */,
				D60DC97720EE329A000499F6 /* DNSTracker.m */,
				D60DC97820EE329A000499F6 /* CFStreamTracker.m */,
				D60DC97920EE329A000499F6 /* SocketTracker.h */,
				D60DC97A20EE329A000499F6 /* CFSocketTracker.m */,
				D60DC97B20EE329A000499F6 /* SSLTracker.m */,
				D60DC97C20EE329A000499F6 /* BaseTracker.m */,
			);
			path = TCPTracker;
			sourceTree = "<group>";
		};
		D60DC97F20EE329A000499F6 /* Model */ = {
			isa = PBXGroup;
			children = (
				D60DC98020EE329A000499F6 /* NTWebModel.h */,
				D60DC98120EE329A000499F6 /* NTHTTPModel.h */,
				D60DC98420EE329A000499F6 /* NTHTTPModel.m */,
				D60DC98320EE329A000499F6 /* NTTCPModel.h */,
				D60DC98620EE329A000499F6 /* NTTCPModel.m */,
				D60DC98520EE329A000499F6 /* NTWebModel.m */,
				D60DC98720EE329A000499F6 /* NTBaseModel.m */,
				D60DC98220EE329A000499F6 /* NTBaseModel.h */,
			);
			path = Model;
			sourceTree = "<group>";
		};
/* End PBXGroup section */

/* Begin PBXNativeTarget section */
		D60DC8DB20EE3183000499F6 /* NetworkTrackerSample */ = {
			isa = PBXNativeTarget;
			buildConfigurationList = D60DC8F220EE3184000499F6 /* Build configuration list for PBXNativeTarget "NetworkTrackerSample" */;
			buildPhases = (
				D60DC8D820EE3183000499F6 /* Sources */,
				D60DC8D920EE3183000499F6 /* Frameworks */,
				D60DC8DA20EE3183000499F6 /* Resources */,
			);
			buildRules = (
			);
			dependencies = (
			);
			name = NetworkTrackerSample;
			productName = NetworkTrackerSample;
			productReference = D60DC8DC20EE3183000499F6 /* NetworkTrackerSample.app */;
			productType = "com.apple.product-type.application";
		};
/* End PBXNativeTarget section */

/* Begin PBXProject section */
		D60DC8D420EE3183000499F6 /* Project object */ = {
			isa = PBXProject;
			attributes = {
				LastUpgradeCheck = 0930;
				ORGANIZATIONNAME = sgcy;
				TargetAttributes = {
					D60DC8DB20EE3183000499F6 = {
						CreatedOnToolsVersion = 9.3.1;
					};
				};
			};
			buildConfigurationList = D60DC8D720EE3183000499F6 /* Build configuration list for PBXProject "NetworkTrackerSample" */;
			compatibilityVersion = "Xcode 9.3";
			developmentRegion = en;
			hasScannedForEncodings = 0;
			knownRegions = (
				en,
				Base,
			);
			mainGroup = D60DC8D320EE3183000499F6;
			productRefGroup = D60DC8DD20EE3183000499F6 /* Products */;
			projectDirPath = "";
			projectRoot = "";
			targets = (
				D60DC8DB20EE3183000499F6 /* NetworkTrackerSample */,
			);
		};
/* End PBXProject section */

/* Begin PBXResourcesBuildPhase section */
		D60DC8DA20EE3183000499F6 /* Resources */ = {
			isa = PBXResourcesBuildPhase;
			buildActionMask = 2147483647;
			files = (
				D60DC8EC20EE3184000499F6 /* LaunchScreen.storyboard in Resources */,
				D60DC94020EE3295000499F6 /* AAHighcharts-3d.js in Resources */,
				D60DC94120EE3295000499F6 /* AAChartView.html in Resources */,
				D60DC8E920EE3184000499F6 /* Assets.xcassets in Resources */,
				D60DC8E720EE3183000499F6 /* Main.storyboard in Resources */,
				D60DC93D20EE3295000499F6 /* AAHighchartsLib.js in Resources */,
				D60DC93F20EE3295000499F6 /* AAFunnel.js in Resources */,
				D60DC93E20EE3295000499F6 /* AAHighchartsMore.js in Resources */,
			);
			runOnlyForDeploymentPostprocessing = 0;
		};
/* End PBXResourcesBuildPhase section */

/* Begin PBXSourcesBuildPhase section */
		D60DC8D820EE3183000499F6 /* Sources */ = {
			isa = PBXSourcesBuildPhase;
			buildActionMask = 2147483647;
			files = (
				D60DC95C20EE3295000499F6 /* AAChartModel.m in Sources */,
				D60DC95B20EE3295000499F6 /* AAChartView.m in Sources */,
				D60DC95A20EE3295000499F6 /* AAChart.m in Sources */,
				D60DC95E20EE3295000499F6 /* AASeriesElement.m in Sources */,
				D60DC99B20EE32D1000499F6 /* NTChartViewController.m in Sources */,
				D60DC95F20EE3295000499F6 /* fishhook.c in Sources */,
				D60DC95320EE3295000499F6 /* AAArea.m in Sources */,
				D60DC94520EE3295000499F6 /* AAXAxis.m in Sources */,
				D60DC8E420EE3183000499F6 /* ViewController.m in Sources */,
				D60DC99620EE329A000499F6 /* NTWebModel.m in Sources */,
				D60DC99720EE329A000499F6 /* NTTCPModel.m in Sources */,
				D60DC95720EE3295000499F6 /* AASpline.m in Sources */,
				D60DC8EF20EE3184000499F6 /* main.m in Sources */,
				D60DC99520EE329A000499F6 /* NTHTTPModel.m in Sources */,
				D60DC8E120EE3183000499F6 /* AppDelegate.m in Sources */,
				D60DC99320EE329A000499F6 /* SSLTracker.m in Sources */,
				D60DC95120EE3295000499F6 /* AABar.m in Sources */,
				D60DC98A20EE329A000499F6 /* NTWebViewTracker.m in Sources */,
				D60DC94C20EE3295000499F6 /* AACrosshair.m in Sources */,
				D60DC94E20EE3295000499F6 /* AAPlotLinesElement.m in Sources */,
				D60DC94320EE3295000499F6 /* AALabels.m in Sources */,
				D60DC95620EE3295000499F6 /* AAMarker.m in Sources */,
				D60DC98820EE329A000499F6 /* NTTrackEvent.m in Sources */,
				D60DC95220EE3295000499F6 /* AATitle.m in Sources */,
				D60DC95920EE3295000499F6 /* AAPie.m in Sources */,
				D60DC99020EE329A000499F6 /* DNSTracker.m in Sources */,
				D60DC95820EE3295000499F6 /* AAItemStyle.m in Sources */,
				D60DC98C20EE329A000499F6 /* NTURLSesssionTracker.m in Sources */,
				D60DC98E20EE329A000499F6 /* TrackerUtils.m in Sources */,
				D60DC99420EE329A000499F6 /* BaseTracker.m in Sources */,
				D60DC95020EE3295000499F6 /* AAStyle.m in Sources */,
				D60DC94B20EE3295000499F6 /* AAYAxis.m in Sources */,
				D60DC94A20EE3295000499F6 /* AASubtitle.m in Sources */,
				D60DC94420EE3295000499F6 /* AASeries.m in Sources */,
				D60DC94D20EE3295000499F6 /* AAColumn.m in Sources */,
				D60DC98F20EE329A000499F6 /* SocketTracker.m in Sources */,
				D60DC94720EE3295000499F6 /* AADataLabels.m in Sources */,
				D60DC99820EE329A000499F6 /* NTBaseModel.m in Sources */,
				D60DC98D20EE329A000499F6 /* DelegateProxy.m in Sources */,
				D60DC94920EE3295000499F6 /* AATooltip.m in Sources */,
				D60DC94220EE3295000499F6 /* AAAreaspline.m in Sources */,
				D60DC99220EE329A000499F6 /* CFSocketTracker.m in Sources */,
				D60DC98B20EE329A000499F6 /* NTURLConnectionTracker.m in Sources */,
				D60DC95D20EE3295000499F6 /* AAOptions.m in Sources */,
				D60DC94620EE3295000499F6 /* AAPlotOptions.m in Sources */,
				D60DC94820EE3295000499F6 /* AALine.m in Sources */,
				D60DC99120EE329A000499F6 /* CFStreamTracker.m in Sources */,
				D60DC95420EE3295000499F6 /* AAAnimation.m in Sources */,
				D60DC98920EE329A000499F6 /* NTDataKeeper.m in Sources */,
				D60DC94F20EE3295000499F6 /* AAOptions3d.m in Sources */,
				D60DC95520EE3295000499F6 /* AALegend.m in Sources */,
			);
			runOnlyForDeploymentPostprocessing = 0;
		};
/* End PBXSourcesBuildPhase section */

/* Begin PBXVariantGroup section */
		D60DC8E520EE3183000499F6 /* Main.storyboard */ = {
			isa = PBXVariantGroup;
			children = (
				D60DC8E620EE3183000499F6 /* Base */,
			);
			name = Main.storyboard;
			sourceTree = "<group>";
		};
		D60DC8EA20EE3184000499F6 /* LaunchScreen.storyboard */ = {
			isa = PBXVariantGroup;
			children = (
				D60DC8EB20EE3184000499F6 /* Base */,
			);
			name = LaunchScreen.storyboard;
			sourceTree = "<group>";
		};
/* End PBXVariantGroup section */

/* Begin XCBuildConfiguration section */
		D60DC8F020EE3184000499F6 /* Debug */ = {
			isa = XCBuildConfiguration;
			buildSettings = {
				ALWAYS_SEARCH_USER_PATHS = NO;
				CLANG_ANALYZER_NONNULL = YES;
				CLANG_ANALYZER_NUMBER_OBJECT_CONVERSION = YES_AGGRESSIVE;
				CLANG_CXX_LANGUAGE_STANDARD = "gnu++14";
				CLANG_CXX_LIBRARY = "libc++";
				CLANG_ENABLE_MODULES = YES;
				CLANG_ENABLE_OBJC_ARC = YES;
				CLANG_ENABLE_OBJC_WEAK = YES;
				CLANG_WARN_BLOCK_CAPTURE_AUTORELEASING = YES;
				CLANG_WARN_BOOL_CONVERSION = YES;
				CLANG_WARN_COMMA = YES;
				CLANG_WARN_CONSTANT_CONVERSION = YES;
				CLANG_WARN_DEPRECATED_OBJC_IMPLEMENTATIONS = YES;
				CLANG_WARN_DIRECT_OBJC_ISA_USAGE = YES_ERROR;
				CLANG_WARN_DOCUMENTATION_COMMENTS = YES;
				CLANG_WARN_EMPTY_BODY = YES;
				CLANG_WARN_ENUM_CONVERSION = YES;
				CLANG_WARN_INFINITE_RECURSION = YES;
				CLANG_WARN_INT_CONVERSION = YES;
				CLANG_WARN_NON_LITERAL_NULL_CONVERSION = YES;
				CLANG_WARN_OBJC_IMPLICIT_RETAIN_SELF = YES;
				CLANG_WARN_OBJC_LITERAL_CONVERSION = YES;
				CLANG_WARN_OBJC_ROOT_CLASS = YES_ERROR;
				CLANG_WARN_RANGE_LOOP_ANALYSIS = YES;
				CLANG_WARN_STRICT_PROTOTYPES = YES;
				CLANG_WARN_SUSPICIOUS_MOVE = YES;
				CLANG_WARN_UNGUARDED_AVAILABILITY = YES_AGGRESSIVE;
				CLANG_WARN_UNREACHABLE_CODE = YES;
				CLANG_WARN__DUPLICATE_METHOD_MATCH = YES;
				CODE_SIGN_IDENTITY = "iPhone Developer";
				COPY_PHASE_STRIP = NO;
				DEBUG_INFORMATION_FORMAT = dwarf;
				ENABLE_STRICT_OBJC_MSGSEND = YES;
				ENABLE_TESTABILITY = YES;
				GCC_C_LANGUAGE_STANDARD = gnu11;
				GCC_DYNAMIC_NO_PIC = NO;
				GCC_NO_COMMON_BLOCKS = YES;
				GCC_OPTIMIZATION_LEVEL = 0;
				GCC_PREPROCESSOR_DEFINITIONS = (
					"DEBUG=1",
					"$(inherited)",
				);
				GCC_WARN_64_TO_32_BIT_CONVERSION = YES;
				GCC_WARN_ABOUT_RETURN_TYPE = YES_ERROR;
				GCC_WARN_UNDECLARED_SELECTOR = YES;
				GCC_WARN_UNINITIALIZED_AUTOS = YES_AGGRESSIVE;
				GCC_WARN_UNUSED_FUNCTION = YES;
				GCC_WARN_UNUSED_VARIABLE = YES;
				IPHONEOS_DEPLOYMENT_TARGET = 11.3;
				MTL_ENABLE_DEBUG_INFO = YES;
				ONLY_ACTIVE_ARCH = YES;
				SDKROOT = iphoneos;
			};
			name = Debug;
		};
		D60DC8F120EE3184000499F6 /* Release */ = {
			isa = XCBuildConfiguration;
			buildSettings = {
				ALWAYS_SEARCH_USER_PATHS = NO;
				CLANG_ANALYZER_NONNULL = YES;
				CLANG_ANALYZER_NUMBER_OBJECT_CONVERSION = YES_AGGRESSIVE;
				CLANG_CXX_LANGUAGE_STANDARD = "gnu++14";
				CLANG_CXX_LIBRARY = "libc++";
				CLANG_ENABLE_MODULES = YES;
				CLANG_ENABLE_OBJC_ARC = YES;
				CLANG_ENABLE_OBJC_WEAK = YES;
				CLANG_WARN_BLOCK_CAPTURE_AUTORELEASING = YES;
				CLANG_WARN_BOOL_CONVERSION = YES;
				CLANG_WARN_COMMA = YES;
				CLANG_WARN_CONSTANT_CONVERSION = YES;
				CLANG_WARN_DEPRECATED_OBJC_IMPLEMENTATIONS = YES;
				CLANG_WARN_DIRECT_OBJC_ISA_USAGE = YES_ERROR;
				CLANG_WARN_DOCUMENTATION_COMMENTS = YES;
				CLANG_WARN_EMPTY_BODY = YES;
				CLANG_WARN_ENUM_CONVERSION = YES;
				CLANG_WARN_INFINITE_RECURSION = YES;
				CLANG_WARN_INT_CONVERSION = YES;
				CLANG_WARN_NON_LITERAL_NULL_CONVERSION = YES;
				CLANG_WARN_OBJC_IMPLICIT_RETAIN_SELF = YES;
				CLANG_WARN_OBJC_LITERAL_CONVERSION = YES;
				CLANG_WARN_OBJC_ROOT_CLASS = YES_ERROR;
				CLANG_WARN_RANGE_LOOP_ANALYSIS = YES;
				CLANG_WARN_STRICT_PROTOTYPES = YES;
				CLANG_WARN_SUSPICIOUS_MOVE = YES;
				CLANG_WARN_UNGUARDED_AVAILABILITY = YES_AGGRESSIVE;
				CLANG_WARN_UNREACHABLE_CODE = YES;
				CLANG_WARN__DUPLICATE_METHOD_MATCH = YES;
				CODE_SIGN_IDENTITY = "iPhone Developer";
				COPY_PHASE_STRIP = NO;
				DEBUG_INFORMATION_FORMAT = "dwarf-with-dsym";
				ENABLE_NS_ASSERTIONS = NO;
				ENABLE_STRICT_OBJC_MSGSEND = YES;
				GCC_C_LANGUAGE_STANDARD = gnu11;
				GCC_NO_COMMON_BLOCKS = YES;
				GCC_WARN_64_TO_32_BIT_CONVERSION = YES;
				GCC_WARN_ABOUT_RETURN_TYPE = YES_ERROR;
				GCC_WARN_UNDECLARED_SELECTOR = YES;
				GCC_WARN_UNINITIALIZED_AUTOS = YES_AGGRESSIVE;
				GCC_WARN_UNUSED_FUNCTION = YES;
				GCC_WARN_UNUSED_VARIABLE = YES;
				IPHONEOS_DEPLOYMENT_TARGET = 11.3;
				MTL_ENABLE_DEBUG_INFO = NO;
				SDKROOT = iphoneos;
				VALIDATE_PRODUCT = YES;
			};
			name = Release;
		};
		D60DC8F320EE3184000499F6 /* Debug */ = {
			isa = XCBuildConfiguration;
			buildSettings = {
				ASSETCATALOG_COMPILER_APPICON_NAME = AppIcon;
				CODE_SIGN_STYLE = Automatic;
				DEVELOPMENT_TEAM = V7LUMTSRB5;
				GCC_PREFIX_HEADER = NetworkTrackerSample/PrefixHeader.pch;
				INFOPLIST_FILE = NetworkTrackerSample/Info.plist;
				IPHONEOS_DEPLOYMENT_TARGET = 8.0;
				LD_RUNPATH_SEARCH_PATHS = (
					"$(inherited)",
					"@executable_path/Frameworks",
				);
				PRODUCT_BUNDLE_IDENTIFIER = com.sgcy.NetworkTrackerSample;
				PRODUCT_NAME = "$(TARGET_NAME)";
				TARGETED_DEVICE_FAMILY = "1,2";
			};
			name = Debug;
		};
		D60DC8F420EE3184000499F6 /* Release */ = {
			isa = XCBuildConfiguration;
			buildSettings = {
				ASSETCATALOG_COMPILER_APPICON_NAME = AppIcon;
				CODE_SIGN_STYLE = Automatic;
				DEVELOPMENT_TEAM = V7LUMTSRB5;
				GCC_PREFIX_HEADER = NetworkTrackerSample/PrefixHeader.pch;
				INFOPLIST_FILE = NetworkTrackerSample/Info.plist;
				IPHONEOS_DEPLOYMENT_TARGET = 8.0;
				LD_RUNPATH_SEARCH_PATHS = (
					"$(inherited)",
					"@executable_path/Frameworks",
				);
				PRODUCT_BUNDLE_IDENTIFIER = com.sgcy.NetworkTrackerSample;
				PRODUCT_NAME = "$(TARGET_NAME)";
				TARGETED_DEVICE_FAMILY = "1,2";
			};
			name = Release;
		};
/* End XCBuildConfiguration section */

/* Begin XCConfigurationList section */
		D60DC8D720EE3183000499F6 /* Build configuration list for PBXProject "NetworkTrackerSample" */ = {
			isa = XCConfigurationList;
			buildConfigurations = (
				D60DC8F020EE3184000499F6 /* Debug */,
				D60DC8F120EE3184000499F6 /* Release */,
			);
			defaultConfigurationIsVisible = 0;
			defaultConfigurationName = Release;
		};
		D60DC8F220EE3184000499F6 /* Build configuration list for PBXNativeTarget "NetworkTrackerSample" */ = {
			isa = XCConfigurationList;
			buildConfigurations = (
				D60DC8F320EE3184000499F6 /* Debug */,
				D60DC8F420EE3184000499F6 /* Release */,
			);
			defaultConfigurationIsVisible = 0;
			defaultConfigurationName = Release;
		};
/* End XCConfigurationList section */
	};
	rootObject = D60DC8D420EE3183000499F6 /* Project object */;
}
